
Microsoft Visual Studio Solution File, Format Version 12.00
# Visual Studio 15
VisualStudioVersion = 15.0.28307.852
MinimumVisualStudioVersion = 10.0.40219.1
Project("{FAE04EC0-301F-11D3-BF4B-00C04F79EFBC}") = "Shutdown Scheduler", "WindowsFormsApp1\Shutdown Scheduler.csproj", "{DBA7AE75-C32A-4CBD-A14A-9344948897A2}"
EndProject
Global
	GlobalSection(SolutionConfigurationPlatforms) = preSolution
		Debug|Any CPU = Debug|Any CPU
		Release|Any CPU = Release|Any CPU
	EndGlobalSection
	GlobalSection(ProjectConfigurationPlatforms) = postSolution
		{DBA7AE75-C32A-4CBD-A14A-9344948897A2}.Debug|Any CPU.ActiveCfg = Debug|Any CPU
		{DBA7AE75-C32A-4CBD-A14A-9344948897A2}.Debug|Any CPU.Build.0 = Debug|Any CPU
		{DBA7AE75-C32A-4CBD-A14A-9344948897A2}.Release|Any CPU.ActiveCfg = Release|Any CPU
		{DBA7AE75-C32A-4CBD-A14A-9344948897A2}.Release|Any CPU.Build.0 = Release|Any CPU
	EndGlobalSection
	GlobalSection(SolutionProperties) = preSolution
		HideSolutionNode = FALSE
	EndGlobalSection
	GlobalSection(ExtensibilityGlobals) = postSolution
		SolutionGuid = {597ABF0F-4F81-4512-8D30-D25DCB4945EF}
	EndGlobalSection
EndGlobal
